
Microsoft Visual Studio Solution File, Format Version 12.00
# Visual Studio Version 17
VisualStudioVersion = 17.10.35013.160
MinimumVisualStudioVersion = 10.0.40219.1
Project("{FAE04EC0-301F-11D3-BF4B-00C04F79EFBC}") = "Topic 2 - Assignment", "Topic 2 - Assignment\Topic 2 - Assignment.csproj", "{CABFEDBC-0377-423D-9971-4DA2081F7F4F}"
EndProject
Global
	GlobalSection(SolutionConfigurationPlatforms) = preSolution
		Debug|Any CPU = Debug|Any CPU
		Release|Any CPU = Release|Any CPU
	EndGlobalSection
	GlobalSection(ProjectConfigurationPlatforms) = postSolution
		{CABFEDBC-0377-423D-9971-4DA2081F7F4F}.Debug|Any CPU.ActiveCfg = Debug|Any CPU
		{CABFEDBC-0377-423D-9971-4DA2081F7F4F}.Debug|Any CPU.Build.0 = Debug|Any CPU
		{CABFEDBC-0377-423D-9971-4DA2081F7F4F}.Release|Any CPU.ActiveCfg = Release|Any CPU
		{CABFEDBC-0377-423D-9971-4DA2081F7F4F}.Release|Any CPU.Build.0 = Release|Any CPU
	EndGlobalSection
	GlobalSection(SolutionProperties) = preSolution
		HideSolutionNode = FALSE
	EndGlobalSection
	GlobalSection(ExtensibilityGlobals) = postSolution
		SolutionGuid = {D13A0B86-7FD0-46B5-843B-41082398CB1A}
	EndGlobalSection
EndGlobal
